
Microsoft Visual Studio Solution File, Format Version 12.00
# Visual Studio Version 17
VisualStudioVersion = 17.14.36511.14 d17.14
MinimumVisualStudioVersion = 10.0.40219.1
Project("{FAE04EC0-301F-11D3-BF4B-00C04F79EFBC}") = "SmartWarehouse", "SmartWarehouse\SmartWarehouse.csproj", "{56D59EA4-C9C6-4E02-B0A6-223EDCE3F409}"
EndProject
Global
	GlobalSection(SolutionConfigurationPlatforms) = preSolution
		Debug|Any CPU = Debug|Any CPU
		Release|Any CPU = Release|Any CPU
	EndGlobalSection
	GlobalSection(ProjectConfigurationPlatforms) = postSolution
		{56D59EA4-C9C6-4E02-B0A6-223EDCE3F409}.Debug|Any CPU.ActiveCfg = Debug|Any CPU
		{56D59EA4-C9C6-4E02-B0A6-223EDCE3F409}.Debug|Any CPU.Build.0 = Debug|Any CPU
		{56D59EA4-C9C6-4E02-B0A6-223EDCE3F409}.Release|Any CPU.ActiveCfg = Release|Any CPU
		{56D59EA4-C9C6-4E02-B0A6-223EDCE3F409}.Release|Any CPU.Build.0 = Release|Any CPU
	EndGlobalSection
	GlobalSection(SolutionProperties) = preSolution
		HideSolutionNode = FALSE
	EndGlobalSection
	GlobalSection(ExtensibilityGlobals) = postSolution
		SolutionGuid = {EC51814A-1B8E-4FFE-9B3C-BE638D591D93}
	EndGlobalSection
EndGlobal
